// !$*UTF8*$!
{
	archiveVersion = 1;
	classes = {
	};
	objectVersion = 52;
	objects = {

/* Begin PBXBuildFile section */
		219E44BA93C7B6EB936BED63 /* Pods_shopaware.framework in Frameworks */ = {isa = PBXBuildFile; fileRef = 3D036281CF8F777C62931987 /* Pods_shopaware.framework */; };
		96BF4E3325F43CFF009B7FF0 /* network in Sources */ = {isa = PBXBuildFile; fileRef = 96F18FF525EED23500CC73D1 /* network */; };
		96CE3F6125F444B50037E3A4 /* SweatAndToil.swift in Sources */ = {isa = PBXBuildFile; fileRef = 96CE3F6025F444B50037E3A4 /* SweatAndToil.swift */; };
		96CE3F6F25F444E60037E3A4 /* Region.swift in Sources */ = {isa = PBXBuildFile; fileRef = 96CE3F6725F444E60037E3A4 /* Region.swift */; };
		96CE3F7025F444E60037E3A4 /* Good.swift in Sources */ = {isa = PBXBuildFile; fileRef = 96CE3F6825F444E60037E3A4 /* Good.swift */; };
		96CE3F7125F444E60037E3A4 /* Sector.swift in Sources */ = {isa = PBXBuildFile; fileRef = 96CE3F6925F444E60037E3A4 /* Sector.swift */; };
		96CE3F7225F444E60037E3A4 /* Territory.swift in Sources */ = {isa = PBXBuildFile; fileRef = 96CE3F6A25F444E60037E3A4 /* Territory.swift */; };
		96CE3F7325F444E60037E3A4 /* Assessment.swift in Sources */ = {isa = PBXBuildFile; fileRef = 96CE3F6B25F444E60037E3A4 /* Assessment.swift */; };
		96CE3F7425F444E60037E3A4 /* CountryGood.swift in Sources */ = {isa = PBXBuildFile; fileRef = 96CE3F6C25F444E60037E3A4 /* CountryGood.swift */; };
		96CE3F7525F444E60037E3A4 /* Country.swift in Sources */ = {isa = PBXBuildFile; fileRef = 96CE3F6D25F444E60037E3A4 /* Country.swift */; };
		96CE3F7625F444E60037E3A4 /* AdvancementLevel.swift in Sources */ = {isa = PBXBuildFile; fileRef = 96CE3F6E25F444E60037E3A4 /* AdvancementLevel.swift */; };
		96CE3F8425F444F40037E3A4 /* LegalStandardAPI.swift in Sources */ = {isa = PBXBuildFile; fileRef = 96CE3F7825F444F30037E3A4 /* LegalStandardAPI.swift */; };
		96CE3F8525F444F40037E3A4 /* GoodAPI.swift in Sources */ = {isa = PBXBuildFile; fileRef = 96CE3F7925F444F30037E3A4 /* GoodAPI.swift */; };
		96CE3F8625F444F40037E3A4 /* AssessmentAPI.swift in Sources */ = {isa = PBXBuildFile; fileRef = 96CE3F7A25F444F30037E3A4 /* AssessmentAPI.swift */; };
		96CE3F8725F444F40037E3A4 /* EnforcementAPI.swift in Sources */ = {isa = PBXBuildFile; fileRef = 96CE3F7B25F444F30037E3A4 /* EnforcementAPI.swift */; };
		96CE3F8825F444F40037E3A4 /* CountryGoodAPI.swift in Sources */ = {isa = PBXBuildFile; fileRef = 96CE3F7C25F444F30037E3A4 /* CountryGoodAPI.swift */; };
		96CE3F8925F444F40037E3A4 /* MechanismAPI.swift in Sources */ = {isa = PBXBuildFile; fileRef = 96CE3F7D25F444F30037E3A4 /* MechanismAPI.swift */; };
		96CE3F8A25F444F40037E3A4 /* RegionAPI.swift in Sources */ = {isa = PBXBuildFile; fileRef = 96CE3F7E25F444F30037E3A4 /* RegionAPI.swift */; };
		96CE3F8B25F444F40037E3A4 /* SectorAPI.swift in Sources */ = {isa = PBXBuildFile; fileRef = 96CE3F7F25F444F30037E3A4 /* SectorAPI.swift */; };
		96CE3F8C25F444F40037E3A4 /* AdvancementLevelAPI.swift in Sources */ = {isa = PBXBuildFile; fileRef = 96CE3F8025F444F30037E3A4 /* AdvancementLevelAPI.swift */; };
		96CE3F8D25F444F40037E3A4 /* TerritoryAPI.swift in Sources */ = {isa = PBXBuildFile; fileRef = 96CE3F8125F444F30037E3A4 /* TerritoryAPI.swift */; };
		96CE3F8E25F444F40037E3A4 /* CountryAPI.swift in Sources */ = {isa = PBXBuildFile; fileRef = 96CE3F8225F444F30037E3A4 /* CountryAPI.swift */; };
		96CE3F8F25F444F40037E3A4 /* SuggestedActionAPI.swift in Sources */ = {isa = PBXBuildFile; fileRef = 96CE3F8325F444F30037E3A4 /* SuggestedActionAPI.swift */; };
		96F18FF825EED23500CC73D1 /* network in Resources */ = {isa = PBXBuildFile; fileRef = 96F18FF525EED23500CC73D1 /* network */; };
		96F18FF925EED23500CC73D1 /* data in Resources */ = {isa = PBXBuildFile; fileRef = 96F18FF625EED23500CC73D1 /* data */; };
		E9422D4025F2000A00DF7EDD /* CodeScanner in Frameworks */ = {isa = PBXBuildFile; productRef = E9422D3F25F2000A00DF7EDD /* CodeScanner */; };
		E97D460425EB244700AE47B0 /* shopawareApp.swift in Sources */ = {isa = PBXBuildFile; fileRef = E97D460325EB244700AE47B0 /* shopawareApp.swift */; };
		E97D460625EB244700AE47B0 /* ContentView.swift in Sources */ = {isa = PBXBuildFile; fileRef = E97D460525EB244700AE47B0 /* ContentView.swift */; };
		E97D460825EB244900AE47B0 /* Assets.xcassets in Resources */ = {isa = PBXBuildFile; fileRef = E97D460725EB244900AE47B0 /* Assets.xcassets */; };
		E97D460B25EB244900AE47B0 /* Preview Assets.xcassets in Resources */ = {isa = PBXBuildFile; fileRef = E97D460A25EB244900AE47B0 /* Preview Assets.xcassets */; };
		E9814F9725ED675F0050AB35 /* DataStore.swift in Sources */ = {isa = PBXBuildFile; fileRef = E9814F9625ED675F0050AB35 /* DataStore.swift */; };
		E981502425F1C46D0050AB35 /* CarBode in Frameworks */ = {isa = PBXBuildFile; productRef = E981502325F1C46D0050AB35 /* CarBode */; };
/* End PBXBuildFile section */

/* Begin PBXFileReference section */
		1B4B37626208E965AE0BCAE5 /* Pods-shopaware.release.xcconfig */ = {isa = PBXFileReference; includeInIndex = 1; lastKnownFileType = text.xcconfig; name = "Pods-shopaware.release.xcconfig"; path = "Target Support Files/Pods-shopaware/Pods-shopaware.release.xcconfig"; sourceTree = "<group>"; };
		3D036281CF8F777C62931987 /* Pods_shopaware.framework */ = {isa = PBXFileReference; explicitFileType = wrapper.framework; includeInIndex = 0; path = Pods_shopaware.framework; sourceTree = BUILT_PRODUCTS_DIR; };
		5EE959294008C3125E9CB745 /* Pods-shopaware.debug.xcconfig */ = {isa = PBXFileReference; includeInIndex = 1; lastKnownFileType = text.xcconfig; name = "Pods-shopaware.debug.xcconfig"; path = "Target Support Files/Pods-shopaware/Pods-shopaware.debug.xcconfig"; sourceTree = "<group>"; };
		96CE3F6025F444B50037E3A4 /* SweatAndToil.swift */ = {isa = PBXFileReference; fileEncoding = 4; lastKnownFileType = sourcecode.swift; name = SweatAndToil.swift; path = models/SweatAndToil.swift; sourceTree = "<group>"; };
		96CE3F6725F444E60037E3A4 /* Region.swift */ = {isa = PBXFileReference; fileEncoding = 4; lastKnownFileType = sourcecode.swift; name = Region.swift; path = models/Region.swift; sourceTree = "<group>"; };
		96CE3F6825F444E60037E3A4 /* Good.swift */ = {isa = PBXFileReference; fileEncoding = 4; lastKnownFileType = sourcecode.swift; name = Good.swift; path = models/Good.swift; sourceTree = "<group>"; };
		96CE3F6925F444E60037E3A4 /* Sector.swift */ = {isa = PBXFileReference; fileEncoding = 4; lastKnownFileType = sourcecode.swift; name = Sector.swift; path = models/Sector.swift; sourceTree = "<group>"; };
		96CE3F6A25F444E60037E3A4 /* Territory.swift */ = {isa = PBXFileReference; fileEncoding = 4; lastKnownFileType = sourcecode.swift; name = Territory.swift; path = models/Territory.swift; sourceTree = "<group>"; };
		96CE3F6B25F444E60037E3A4 /* Assessment.swift */ = {isa = PBXFileReference; fileEncoding = 4; lastKnownFileType = sourcecode.swift; name = Assessment.swift; path = models/Assessment.swift; sourceTree = "<group>"; };
		96CE3F6C25F444E60037E3A4 /* CountryGood.swift */ = {isa = PBXFileReference; fileEncoding = 4; lastKnownFileType = sourcecode.swift; name = CountryGood.swift; path = models/CountryGood.swift; sourceTree = "<group>"; };
		96CE3F6D25F444E60037E3A4 /* Country.swift */ = {isa = PBXFileReference; fileEncoding = 4; lastKnownFileType = sourcecode.swift; name = Country.swift; path = models/Country.swift; sourceTree = "<group>"; };
		96CE3F6E25F444E60037E3A4 /* AdvancementLevel.swift */ = {isa = PBXFileReference; fileEncoding = 4; lastKnownFileType = sourcecode.swift; name = AdvancementLevel.swift; path = models/AdvancementLevel.swift; sourceTree = "<group>"; };
		96CE3F7825F444F30037E3A4 /* LegalStandardAPI.swift */ = {isa = PBXFileReference; fileEncoding = 4; lastKnownFileType = sourcecode.swift; name = LegalStandardAPI.swift; path = models/modelsAPI/LegalStandardAPI.swift; sourceTree = "<group>"; };
		96CE3F7925F444F30037E3A4 /* GoodAPI.swift */ = {isa = PBXFileReference; fileEncoding = 4; lastKnownFileType = sourcecode.swift; name = GoodAPI.swift; path = models/modelsAPI/GoodAPI.swift; sourceTree = "<group>"; };
		96CE3F7A25F444F30037E3A4 /* AssessmentAPI.swift */ = {isa = PBXFileReference; fileEncoding = 4; lastKnownFileType = sourcecode.swift; name = AssessmentAPI.swift; path = models/modelsAPI/AssessmentAPI.swift; sourceTree = "<group>"; };
		96CE3F7B25F444F30037E3A4 /* EnforcementAPI.swift */ = {isa = PBXFileReference; fileEncoding = 4; lastKnownFileType = sourcecode.swift; name = EnforcementAPI.swift; path = models/modelsAPI/EnforcementAPI.swift; sourceTree = "<group>"; };
		96CE3F7C25F444F30037E3A4 /* CountryGoodAPI.swift */ = {isa = PBXFileReference; fileEncoding = 4; lastKnownFileType = sourcecode.swift; name = CountryGoodAPI.swift; path = models/modelsAPI/CountryGoodAPI.swift; sourceTree = "<group>"; };
		96CE3F7D25F444F30037E3A4 /* MechanismAPI.swift */ = {isa = PBXFileReference; fileEncoding = 4; lastKnownFileType = sourcecode.swift; name = MechanismAPI.swift; path = models/modelsAPI/MechanismAPI.swift; sourceTree = "<group>"; };
		96CE3F7E25F444F30037E3A4 /* RegionAPI.swift */ = {isa = PBXFileReference; fileEncoding = 4; lastKnownFileType = sourcecode.swift; name = RegionAPI.swift; path = models/modelsAPI/RegionAPI.swift; sourceTree = "<group>"; };
		96CE3F7F25F444F30037E3A4 /* SectorAPI.swift */ = {isa = PBXFileReference; fileEncoding = 4; lastKnownFileType = sourcecode.swift; name = SectorAPI.swift; path = models/modelsAPI/SectorAPI.swift; sourceTree = "<group>"; };
		96CE3F8025F444F30037E3A4 /* AdvancementLevelAPI.swift */ = {isa = PBXFileReference; fileEncoding = 4; lastKnownFileType = sourcecode.swift; name = AdvancementLevelAPI.swift; path = models/modelsAPI/AdvancementLevelAPI.swift; sourceTree = "<group>"; };
		96CE3F8125F444F30037E3A4 /* TerritoryAPI.swift */ = {isa = PBXFileReference; fileEncoding = 4; lastKnownFileType = sourcecode.swift; name = TerritoryAPI.swift; path = models/modelsAPI/TerritoryAPI.swift; sourceTree = "<group>"; };
		96CE3F8225F444F30037E3A4 /* CountryAPI.swift */ = {isa = PBXFileReference; fileEncoding = 4; lastKnownFileType = sourcecode.swift; name = CountryAPI.swift; path = models/modelsAPI/CountryAPI.swift; sourceTree = "<group>"; };
		96CE3F8325F444F30037E3A4 /* SuggestedActionAPI.swift */ = {isa = PBXFileReference; fileEncoding = 4; lastKnownFileType = sourcecode.swift; name = SuggestedActionAPI.swift; path = models/modelsAPI/SuggestedActionAPI.swift; sourceTree = "<group>"; };
		96F18FF525EED23500CC73D1 /* network */ = {isa = PBXFileReference; lastKnownFileType = folder; path = network; sourceTree = "<group>"; };
		96F18FF625EED23500CC73D1 /* data */ = {isa = PBXFileReference; lastKnownFileType = folder; path = data; sourceTree = "<group>"; };
		E97D460025EB244700AE47B0 /* shopaware.app */ = {isa = PBXFileReference; explicitFileType = wrapper.application; includeInIndex = 0; path = shopaware.app; sourceTree = BUILT_PRODUCTS_DIR; };
		E97D460325EB244700AE47B0 /* shopawareApp.swift */ = {isa = PBXFileReference; lastKnownFileType = sourcecode.swift; path = shopawareApp.swift; sourceTree = "<group>"; };
		E97D460525EB244700AE47B0 /* ContentView.swift */ = {isa = PBXFileReference; lastKnownFileType = sourcecode.swift; path = ContentView.swift; sourceTree = "<group>"; };
		E97D460725EB244900AE47B0 /* Assets.xcassets */ = {isa = PBXFileReference; lastKnownFileType = folder.assetcatalog; path = Assets.xcassets; sourceTree = "<group>"; };
		E97D460A25EB244900AE47B0 /* Preview Assets.xcassets */ = {isa = PBXFileReference; lastKnownFileType = folder.assetcatalog; path = "Preview Assets.xcassets"; sourceTree = "<group>"; };
		E97D460C25EB244900AE47B0 /* Info.plist */ = {isa = PBXFileReference; lastKnownFileType = text.plist.xml; path = Info.plist; sourceTree = "<group>"; };
		E9814F9625ED675F0050AB35 /* DataStore.swift */ = {isa = PBXFileReference; lastKnownFileType = sourcecode.swift; path = DataStore.swift; sourceTree = "<group>"; };
/* End PBXFileReference section */

/* Begin PBXFrameworksBuildPhase section */
		E97D45FD25EB244700AE47B0 /* Frameworks */ = {
			isa = PBXFrameworksBuildPhase;
			buildActionMask = 2147483647;
			files = (
				219E44BA93C7B6EB936BED63 /* Pods_shopaware.framework in Frameworks */,
				E981502425F1C46D0050AB35 /* CarBode in Frameworks */,
				E9422D4025F2000A00DF7EDD /* CodeScanner in Frameworks */,
			);
			runOnlyForDeploymentPostprocessing = 0;
		};
/* End PBXFrameworksBuildPhase section */

/* Begin PBXGroup section */
		CE2D295D0D56DF8840717CDA /* Frameworks */ = {
			isa = PBXGroup;
			children = (
				3D036281CF8F777C62931987 /* Pods_shopaware.framework */,
			);
			name = Frameworks;
			sourceTree = "<group>";
		};
		D3BD80D049A8BA78540CC465 /* Pods */ = {
			isa = PBXGroup;
			children = (
				5EE959294008C3125E9CB745 /* Pods-shopaware.debug.xcconfig */,
				1B4B37626208E965AE0BCAE5 /* Pods-shopaware.release.xcconfig */,
			);
			path = Pods;
			sourceTree = "<group>";
		};
		E97D45F725EB244700AE47B0 = {
			isa = PBXGroup;
			children = (
				E97D460225EB244700AE47B0 /* shopaware */,
				E97D460125EB244700AE47B0 /* Products */,
				D3BD80D049A8BA78540CC465 /* Pods */,
				CE2D295D0D56DF8840717CDA /* Frameworks */,
			);
			sourceTree = "<group>";
		};
		E97D460125EB244700AE47B0 /* Products */ = {
			isa = PBXGroup;
			children = (
				E97D460025EB244700AE47B0 /* shopaware.app */,
			);
			name = Products;
			sourceTree = "<group>";
		};
		E97D460225EB244700AE47B0 /* shopaware */ = {
			isa = PBXGroup;
			children = (
				96CE3F8025F444F30037E3A4 /* AdvancementLevelAPI.swift */,
				96CE3F7A25F444F30037E3A4 /* AssessmentAPI.swift */,
				96CE3F8225F444F30037E3A4 /* CountryAPI.swift */,
				96CE3F7C25F444F30037E3A4 /* CountryGoodAPI.swift */,
				96CE3F7B25F444F30037E3A4 /* EnforcementAPI.swift */,
				96CE3F7925F444F30037E3A4 /* GoodAPI.swift */,
				96CE3F7825F444F30037E3A4 /* LegalStandardAPI.swift */,
				96CE3F7D25F444F30037E3A4 /* MechanismAPI.swift */,
				96CE3F7E25F444F30037E3A4 /* RegionAPI.swift */,
				96CE3F7F25F444F30037E3A4 /* SectorAPI.swift */,
				96CE3F8325F444F30037E3A4 /* SuggestedActionAPI.swift */,
				96CE3F8125F444F30037E3A4 /* TerritoryAPI.swift */,
				96CE3F6E25F444E60037E3A4 /* AdvancementLevel.swift */,
				96CE3F6B25F444E60037E3A4 /* Assessment.swift */,
				96CE3F6D25F444E60037E3A4 /* Country.swift */,
				96CE3F6C25F444E60037E3A4 /* CountryGood.swift */,
				96CE3F6825F444E60037E3A4 /* Good.swift */,
				96CE3F6725F444E60037E3A4 /* Region.swift */,
				96CE3F6925F444E60037E3A4 /* Sector.swift */,
				96CE3F6A25F444E60037E3A4 /* Territory.swift */,
				96CE3F6025F444B50037E3A4 /* SweatAndToil.swift */,
				96F18FF625EED23500CC73D1 /* data */,
				96F18FF525EED23500CC73D1 /* network */,
				E9814F9625ED675F0050AB35 /* DataStore.swift */,
				E97D460325EB244700AE47B0 /* shopawareApp.swift */,
				E97D460525EB244700AE47B0 /* ContentView.swift */,
				E97D460725EB244900AE47B0 /* Assets.xcassets */,
				E97D460C25EB244900AE47B0 /* Info.plist */,
				E97D460925EB244900AE47B0 /* Preview Content */,
			);
			path = shopaware;
			sourceTree = "<group>";
		};
		E97D460925EB244900AE47B0 /* Preview Content */ = {
			isa = PBXGroup;
			children = (
				E97D460A25EB244900AE47B0 /* Preview Assets.xcassets */,
			);
			path = "Preview Content";
			sourceTree = "<group>";
		};
/* End PBXGroup section */

/* Begin PBXNativeTarget section */
		E97D45FF25EB244700AE47B0 /* shopaware */ = {
			isa = PBXNativeTarget;
			buildConfigurationList = E97D460F25EB244900AE47B0 /* Build configuration list for PBXNativeTarget "shopaware" */;
			buildPhases = (
				0FFD9F4CE1217371B6BFF32D /* [CP] Check Pods Manifest.lock */,
				E97D45FC25EB244700AE47B0 /* Sources */,
				E97D45FD25EB244700AE47B0 /* Frameworks */,
				E97D45FE25EB244700AE47B0 /* Resources */,
				F8D27171EB2FBCCE3DEB5B76 /* [CP] Embed Pods Frameworks */,
			);
			buildRules = (
			);
			dependencies = (
			);
			name = shopaware;
			packageProductDependencies = (
				E981502325F1C46D0050AB35 /* CarBode */,
				E9422D3F25F2000A00DF7EDD /* CodeScanner */,
			);
			productName = shopaware;
			productReference = E97D460025EB244700AE47B0 /* shopaware.app */;
			productType = "com.apple.product-type.application";
		};
/* End PBXNativeTarget section */

/* Begin PBXProject section */
		E97D45F825EB244700AE47B0 /* Project object */ = {
			isa = PBXProject;
			attributes = {
				LastSwiftUpdateCheck = 1240;
				LastUpgradeCheck = 1240;
				TargetAttributes = {
					E97D45FF25EB244700AE47B0 = {
						CreatedOnToolsVersion = 12.4;
					};
				};
			};
			buildConfigurationList = E97D45FB25EB244700AE47B0 /* Build configuration list for PBXProject "shopaware" */;
			compatibilityVersion = "Xcode 9.3";
			developmentRegion = en;
			hasScannedForEncodings = 0;
			knownRegions = (
				en,
				Base,
			);
			mainGroup = E97D45F725EB244700AE47B0;
			packageReferences = (
				E981502225F1C46D0050AB35 /* XCRemoteSwiftPackageReference "CarBode-Barcode-Scanner-For-SwiftUI" */,
				E9422D3E25F2000A00DF7EDD /* XCRemoteSwiftPackageReference "CodeScanner" */,
			);
			productRefGroup = E97D460125EB244700AE47B0 /* Products */;
			projectDirPath = "";
			projectRoot = "";
			targets = (
				E97D45FF25EB244700AE47B0 /* shopaware */,
			);
		};
/* End PBXProject section */

/* Begin PBXResourcesBuildPhase section */
		E97D45FE25EB244700AE47B0 /* Resources */ = {
			isa = PBXResourcesBuildPhase;
			buildActionMask = 2147483647;
			files = (
				96F18FF825EED23500CC73D1 /* network in Resources */,
				E97D460B25EB244900AE47B0 /* Preview Assets.xcassets in Resources */,
				96F18FF925EED23500CC73D1 /* data in Resources */,
				E97D460825EB244900AE47B0 /* Assets.xcassets in Resources */,
			);
			runOnlyForDeploymentPostprocessing = 0;
		};
/* End PBXResourcesBuildPhase section */

/* Begin PBXShellScriptBuildPhase section */
		0FFD9F4CE1217371B6BFF32D /* [CP] Check Pods Manifest.lock */ = {
			isa = PBXShellScriptBuildPhase;
			buildActionMask = 2147483647;
			files = (
			);
			inputFileListPaths = (
			);
			inputPaths = (
				"${PODS_PODFILE_DIR_PATH}/Podfile.lock",
				"${PODS_ROOT}/Manifest.lock",
			);
			name = "[CP] Check Pods Manifest.lock";
			outputFileListPaths = (
			);
			outputPaths = (
				"$(DERIVED_FILE_DIR)/Pods-shopaware-checkManifestLockResult.txt",
			);
			runOnlyForDeploymentPostprocessing = 0;
			shellPath = /bin/sh;
			shellScript = "diff \"${PODS_PODFILE_DIR_PATH}/Podfile.lock\" \"${PODS_ROOT}/Manifest.lock\" > /dev/null\nif [ $? != 0 ] ; then\n    # print error to STDERR\n    echo \"error: The sandbox is not in sync with the Podfile.lock. Run 'pod install' or update your CocoaPods installation.\" >&2\n    exit 1\nfi\n# This output is used by Xcode 'outputs' to avoid re-running this script phase.\necho \"SUCCESS\" > \"${SCRIPT_OUTPUT_FILE_0}\"\n";
			showEnvVarsInLog = 0;
		};
		F8D27171EB2FBCCE3DEB5B76 /* [CP] Embed Pods Frameworks */ = {
			isa = PBXShellScriptBuildPhase;
			buildActionMask = 2147483647;
			files = (
			);
			inputFileListPaths = (
				"${PODS_ROOT}/Target Support Files/Pods-shopaware/Pods-shopaware-frameworks-${CONFIGURATION}-input-files.xcfilelist",
			);
			name = "[CP] Embed Pods Frameworks";
			outputFileListPaths = (
				"${PODS_ROOT}/Target Support Files/Pods-shopaware/Pods-shopaware-frameworks-${CONFIGURATION}-output-files.xcfilelist",
			);
			runOnlyForDeploymentPostprocessing = 0;
			shellPath = /bin/sh;
			shellScript = "\"${PODS_ROOT}/Target Support Files/Pods-shopaware/Pods-shopaware-frameworks.sh\"\n";
			showEnvVarsInLog = 0;
		};
/* End PBXShellScriptBuildPhase section */

/* Begin PBXSourcesBuildPhase section */
		E97D45FC25EB244700AE47B0 /* Sources */ = {
			isa = PBXSourcesBuildPhase;
			buildActionMask = 2147483647;
			files = (
				96CE3F7025F444E60037E3A4 /* Good.swift in Sources */,
				96BF4E3325F43CFF009B7FF0 /* network in Sources */,
				96CE3F8825F444F40037E3A4 /* CountryGoodAPI.swift in Sources */,
				96CE3F6125F444B50037E3A4 /* SweatAndToil.swift in Sources */,
				96CE3F8D25F444F40037E3A4 /* TerritoryAPI.swift in Sources */,
				96CE3F8B25F444F40037E3A4 /* SectorAPI.swift in Sources */,
				E97D460625EB244700AE47B0 /* ContentView.swift in Sources */,
				96CE3F8525F444F40037E3A4 /* GoodAPI.swift in Sources */,
				96CE3F8925F444F40037E3A4 /* MechanismAPI.swift in Sources */,
				96CE3F8E25F444F40037E3A4 /* CountryAPI.swift in Sources */,
				96CE3F7525F444E60037E3A4 /* Country.swift in Sources */,
				96CE3F8A25F444F40037E3A4 /* RegionAPI.swift in Sources */,
				96CE3F7225F444E60037E3A4 /* Territory.swift in Sources */,
				96CE3F6F25F444E60037E3A4 /* Region.swift in Sources */,
				96CE3F8425F444F40037E3A4 /* LegalStandardAPI.swift in Sources */,
				96CE3F8F25F444F40037E3A4 /* SuggestedActionAPI.swift in Sources */,
				E9814F9725ED675F0050AB35 /* DataStore.swift in Sources */,
				96CE3F8C25F444F40037E3A4 /* AdvancementLevelAPI.swift in Sources */,
				E97D460425EB244700AE47B0 /* shopawareApp.swift in Sources */,
				96CE3F7625F444E60037E3A4 /* AdvancementLevel.swift in Sources */,
				96CE3F7425F444E60037E3A4 /* CountryGood.swift in Sources */,
				96CE3F7125F444E60037E3A4 /* Sector.swift in Sources */,
				96CE3F8725F444F40037E3A4 /* EnforcementAPI.swift in Sources */,
				96CE3F8625F444F40037E3A4 /* AssessmentAPI.swift in Sources */,
				96CE3F7325F444E60037E3A4 /* Assessment.swift in Sources */,
			);
			runOnlyForDeploymentPostprocessing = 0;
		};
/* End PBXSourcesBuildPhase section */

/* Begin XCBuildConfiguration section */
		E97D460D25EB244900AE47B0 /* Debug */ = {
			isa = XCBuildConfiguration;
			buildSettings = {
				ALWAYS_SEARCH_USER_PATHS = NO;
				CLANG_ANALYZER_NONNULL = YES;
				CLANG_ANALYZER_NUMBER_OBJECT_CONVERSION = YES_AGGRESSIVE;
				CLANG_CXX_LANGUAGE_STANDARD = "gnu++14";
				CLANG_CXX_LIBRARY = "libc++";
				CLANG_ENABLE_MODULES = YES;
				CLANG_ENABLE_OBJC_ARC = YES;
				CLANG_ENABLE_OBJC_WEAK = YES;
				CLANG_WARN_BLOCK_CAPTURE_AUTORELEASING = YES;
				CLANG_WARN_BOOL_CONVERSION = YES;
				CLANG_WARN_COMMA = YES;
				CLANG_WARN_CONSTANT_CONVERSION = YES;
				CLANG_WARN_DEPRECATED_OBJC_IMPLEMENTATIONS = YES;
				CLANG_WARN_DIRECT_OBJC_ISA_USAGE = YES_ERROR;
				CLANG_WARN_DOCUMENTATION_COMMENTS = YES;
				CLANG_WARN_EMPTY_BODY = YES;
				CLANG_WARN_ENUM_CONVERSION = YES;
				CLANG_WARN_INFINITE_RECURSION = YES;
				CLANG_WARN_INT_CONVERSION = YES;
				CLANG_WARN_NON_LITERAL_NULL_CONVERSION = YES;
				CLANG_WARN_OBJC_IMPLICIT_RETAIN_SELF = YES;
				CLANG_WARN_OBJC_LITERAL_CONVERSION = YES;
				CLANG_WARN_OBJC_ROOT_CLASS = YES_ERROR;
				CLANG_WARN_QUOTED_INCLUDE_IN_FRAMEWORK_HEADER = YES;
				CLANG_WARN_RANGE_LOOP_ANALYSIS = YES;
				CLANG_WARN_STRICT_PROTOTYPES = YES;
				CLANG_WARN_SUSPICIOUS_MOVE = YES;
				CLANG_WARN_UNGUARDED_AVAILABILITY = YES_AGGRESSIVE;
				CLANG_WARN_UNREACHABLE_CODE = YES;
				CLANG_WARN__DUPLICATE_METHOD_MATCH = YES;
				COPY_PHASE_STRIP = NO;
				DEBUG_INFORMATION_FORMAT = dwarf;
				ENABLE_STRICT_OBJC_MSGSEND = YES;
				ENABLE_TESTABILITY = YES;
				GCC_C_LANGUAGE_STANDARD = gnu11;
				GCC_DYNAMIC_NO_PIC = NO;
				GCC_NO_COMMON_BLOCKS = YES;
				GCC_OPTIMIZATION_LEVEL = 0;
				GCC_PREPROCESSOR_DEFINITIONS = (
					"DEBUG=1",
					"$(inherited)",
				);
				GCC_WARN_64_TO_32_BIT_CONVERSION = YES;
				GCC_WARN_ABOUT_RETURN_TYPE = YES_ERROR;
				GCC_WARN_UNDECLARED_SELECTOR = YES;
				GCC_WARN_UNINITIALIZED_AUTOS = YES_AGGRESSIVE;
				GCC_WARN_UNUSED_FUNCTION = YES;
				GCC_WARN_UNUSED_VARIABLE = YES;
				IPHONEOS_DEPLOYMENT_TARGET = 14.4;
				MTL_ENABLE_DEBUG_INFO = INCLUDE_SOURCE;
				MTL_FAST_MATH = YES;
				ONLY_ACTIVE_ARCH = YES;
				SDKROOT = iphoneos;
				SWIFT_ACTIVE_COMPILATION_CONDITIONS = DEBUG;
				SWIFT_OPTIMIZATION_LEVEL = "-Onone";
			};
			name = Debug;
		};
		E97D460E25EB244900AE47B0 /* Release */ = {
			isa = XCBuildConfiguration;
			buildSettings = {
				ALWAYS_SEARCH_USER_PATHS = NO;
				CLANG_ANALYZER_NONNULL = YES;
				CLANG_ANALYZER_NUMBER_OBJECT_CONVERSION = YES_AGGRESSIVE;
				CLANG_CXX_LANGUAGE_STANDARD = "gnu++14";
				CLANG_CXX_LIBRARY = "libc++";
				CLANG_ENABLE_MODULES = YES;
				CLANG_ENABLE_OBJC_ARC = YES;
				CLANG_ENABLE_OBJC_WEAK = YES;
				CLANG_WARN_BLOCK_CAPTURE_AUTORELEASING = YES;
				CLANG_WARN_BOOL_CONVERSION = YES;
				CLANG_WARN_COMMA = YES;
				CLANG_WARN_CONSTANT_CONVERSION = YES;
				CLANG_WARN_DEPRECATED_OBJC_IMPLEMENTATIONS = YES;
				CLANG_WARN_DIRECT_OBJC_ISA_USAGE = YES_ERROR;
				CLANG_WARN_DOCUMENTATION_COMMENTS = YES;
				CLANG_WARN_EMPTY_BODY = YES;
				CLANG_WARN_ENUM_CONVERSION = YES;
				CLANG_WARN_INFINITE_RECURSION = YES;
				CLANG_WARN_INT_CONVERSION = YES;
				CLANG_WARN_NON_LITERAL_NULL_CONVERSION = YES;
				CLANG_WARN_OBJC_IMPLICIT_RETAIN_SELF = YES;
				CLANG_WARN_OBJC_LITERAL_CONVERSION = YES;
				CLANG_WARN_OBJC_ROOT_CLASS = YES_ERROR;
				CLANG_WARN_QUOTED_INCLUDE_IN_FRAMEWORK_HEADER = YES;
				CLANG_WARN_RANGE_LOOP_ANALYSIS = YES;
				CLANG_WARN_STRICT_PROTOTYPES = YES;
				CLANG_WARN_SUSPICIOUS_MOVE = YES;
				CLANG_WARN_UNGUARDED_AVAILABILITY = YES_AGGRESSIVE;
				CLANG_WARN_UNREACHABLE_CODE = YES;
				CLANG_WARN__DUPLICATE_METHOD_MATCH = YES;
				COPY_PHASE_STRIP = NO;
				DEBUG_INFORMATION_FORMAT = "dwarf-with-dsym";
				ENABLE_NS_ASSERTIONS = NO;
				ENABLE_STRICT_OBJC_MSGSEND = YES;
				GCC_C_LANGUAGE_STANDARD = gnu11;
				GCC_NO_COMMON_BLOCKS = YES;
				GCC_WARN_64_TO_32_BIT_CONVERSION = YES;
				GCC_WARN_ABOUT_RETURN_TYPE = YES_ERROR;
				GCC_WARN_UNDECLARED_SELECTOR = YES;
				GCC_WARN_UNINITIALIZED_AUTOS = YES_AGGRESSIVE;
				GCC_WARN_UNUSED_FUNCTION = YES;
				GCC_WARN_UNUSED_VARIABLE = YES;
				IPHONEOS_DEPLOYMENT_TARGET = 14.4;
				MTL_ENABLE_DEBUG_INFO = NO;
				MTL_FAST_MATH = YES;
				SDKROOT = iphoneos;
				SWIFT_COMPILATION_MODE = wholemodule;
				SWIFT_OPTIMIZATION_LEVEL = "-O";
				VALIDATE_PRODUCT = YES;
			};
			name = Release;
		};
		E97D461025EB244900AE47B0 /* Debug */ = {
			isa = XCBuildConfiguration;
			baseConfigurationReference = 5EE959294008C3125E9CB745 /* Pods-shopaware.debug.xcconfig */;
			buildSettings = {
				ASSETCATALOG_COMPILER_APPICON_NAME = AppIcon;
				ASSETCATALOG_COMPILER_GLOBAL_ACCENT_COLOR_NAME = AccentColor;
				CODE_SIGN_STYLE = Automatic;
				DEVELOPMENT_ASSET_PATHS = "\"shopaware/Preview Content\"";
				DEVELOPMENT_TEAM = RV923KLYR7;
				ENABLE_PREVIEWS = YES;
				INFOPLIST_FILE = shopaware/Info.plist;
				IPHONEOS_DEPLOYMENT_TARGET = 14.0;
				LD_RUNPATH_SEARCH_PATHS = (
					"$(inherited)",
					"@executable_path/Frameworks",
				);
				PRODUCT_BUNDLE_IDENTIFIER = ece1778.shopaware;
				PRODUCT_NAME = "$(TARGET_NAME)";
				SWIFT_VERSION = 5.0;
				TARGETED_DEVICE_FAMILY = "1,2";
			};
			name = Debug;
		};
		E97D461125EB244900AE47B0 /* Release */ = {
			isa = XCBuildConfiguration;
			baseConfigurationReference = 1B4B37626208E965AE0BCAE5 /* Pods-shopaware.release.xcconfig */;
			buildSettings = {
				ASSETCATALOG_COMPILER_APPICON_NAME = AppIcon;
				ASSETCATALOG_COMPILER_GLOBAL_ACCENT_COLOR_NAME = AccentColor;
				CODE_SIGN_STYLE = Automatic;
				DEVELOPMENT_ASSET_PATHS = "\"shopaware/Preview Content\"";
				DEVELOPMENT_TEAM = RV923KLYR7;
				ENABLE_PREVIEWS = YES;
				INFOPLIST_FILE = shopaware/Info.plist;
				IPHONEOS_DEPLOYMENT_TARGET = 14.0;
				LD_RUNPATH_SEARCH_PATHS = (
					"$(inherited)",
					"@executable_path/Frameworks",
				);
				PRODUCT_BUNDLE_IDENTIFIER = ece1778.shopaware;
				PRODUCT_NAME = "$(TARGET_NAME)";
				SWIFT_VERSION = 5.0;
				TARGETED_DEVICE_FAMILY = "1,2";
			};
			name = Release;
		};
/* End XCBuildConfiguration section */

/* Begin XCConfigurationList section */
		E97D45FB25EB244700AE47B0 /* Build configuration list for PBXProject "shopaware" */ = {
			isa = XCConfigurationList;
			buildConfigurations = (
				E97D460D25EB244900AE47B0 /* Debug */,
				E97D460E25EB244900AE47B0 /* Release */,
			);
			defaultConfigurationIsVisible = 0;
			defaultConfigurationName = Release;
		};
		E97D460F25EB244900AE47B0 /* Build configuration list for PBXNativeTarget "shopaware" */ = {
			isa = XCConfigurationList;
			buildConfigurations = (
				E97D461025EB244900AE47B0 /* Debug */,
				E97D461125EB244900AE47B0 /* Release */,
			);
			defaultConfigurationIsVisible = 0;
			defaultConfigurationName = Release;
		};
/* End XCConfigurationList section */

/* Begin XCRemoteSwiftPackageReference section */
		E9422D3E25F2000A00DF7EDD /* XCRemoteSwiftPackageReference "CodeScanner" */ = {
			isa = XCRemoteSwiftPackageReference;
			repositoryURL = "https://github.com/twostraws/CodeScanner";
			requirement = {
				kind = upToNextMajorVersion;
				minimumVersion = 1.0.7;
			};
		};
		E981502225F1C46D0050AB35 /* XCRemoteSwiftPackageReference "CarBode-Barcode-Scanner-For-SwiftUI" */ = {
			isa = XCRemoteSwiftPackageReference;
			repositoryURL = "https://github.com/heart/CarBode-Barcode-Scanner-For-SwiftUI";
			requirement = {
				branch = 2.1.2;
				kind = branch;
			};
		};
/* End XCRemoteSwiftPackageReference section */

/* Begin XCSwiftPackageProductDependency section */
		E9422D3F25F2000A00DF7EDD /* CodeScanner */ = {
			isa = XCSwiftPackageProductDependency;
			package = E9422D3E25F2000A00DF7EDD /* XCRemoteSwiftPackageReference "CodeScanner" */;
			productName = CodeScanner;
		};
		E981502325F1C46D0050AB35 /* CarBode */ = {
			isa = XCSwiftPackageProductDependency;
			package = E981502225F1C46D0050AB35 /* XCRemoteSwiftPackageReference "CarBode-Barcode-Scanner-For-SwiftUI" */;
			productName = CarBode;
		};
/* End XCSwiftPackageProductDependency section */
	};
	rootObject = E97D45F825EB244700AE47B0 /* Project object */;
}
