// !$*UTF8*$!
{
	archiveVersion = 1;
	classes = {
	};
	objectVersion = 50;
	objects = {

/* Begin PBXBuildFile section */
		5559DF8AC1F7F449782D5525 /* Pods_shopaware.framework in Frameworks */ = {isa = PBXBuildFile; fileRef = 55BB016AE16B053F22EB508C /* Pods_shopaware.framework */; };
		E97D460425EB244700AE47B0 /* shopawareApp.swift in Sources */ = {isa = PBXBuildFile; fileRef = E97D460325EB244700AE47B0 /* shopawareApp.swift */; };
		E97D460625EB244700AE47B0 /* ContentView.swift in Sources */ = {isa = PBXBuildFile; fileRef = E97D460525EB244700AE47B0 /* ContentView.swift */; };
		E97D460825EB244900AE47B0 /* Assets.xcassets in Resources */ = {isa = PBXBuildFile; fileRef = E97D460725EB244900AE47B0 /* Assets.xcassets */; };
		E97D460B25EB244900AE47B0 /* Preview Assets.xcassets in Resources */ = {isa = PBXBuildFile; fileRef = E97D460A25EB244900AE47B0 /* Preview Assets.xcassets */; };
/* End PBXBuildFile section */

/* Begin PBXFileReference section */
		189A8A9175387C7CC3F585A4 /* Pods-shopaware.release.xcconfig */ = {isa = PBXFileReference; includeInIndex = 1; lastKnownFileType = text.xcconfig; name = "Pods-shopaware.release.xcconfig"; path = "Target Support Files/Pods-shopaware/Pods-shopaware.release.xcconfig"; sourceTree = "<group>"; };
		55BB016AE16B053F22EB508C /* Pods_shopaware.framework */ = {isa = PBXFileReference; explicitFileType = wrapper.framework; includeInIndex = 0; path = Pods_shopaware.framework; sourceTree = BUILT_PRODUCTS_DIR; };
		65ED9E9322936BA7C69B629D /* Pods-shopaware.debug.xcconfig */ = {isa = PBXFileReference; includeInIndex = 1; lastKnownFileType = text.xcconfig; name = "Pods-shopaware.debug.xcconfig"; path = "Target Support Files/Pods-shopaware/Pods-shopaware.debug.xcconfig"; sourceTree = "<group>"; };
		E97D460025EB244700AE47B0 /* shopaware.app */ = {isa = PBXFileReference; explicitFileType = wrapper.application; includeInIndex = 0; path = shopaware.app; sourceTree = BUILT_PRODUCTS_DIR; };
		E97D460325EB244700AE47B0 /* shopawareApp.swift */ = {isa = PBXFileReference; lastKnownFileType = sourcecode.swift; path = shopawareApp.swift; sourceTree = "<group>"; };
		E97D460525EB244700AE47B0 /* ContentView.swift */ = {isa = PBXFileReference; lastKnownFileType = sourcecode.swift; path = ContentView.swift; sourceTree = "<group>"; };
		E97D460725EB244900AE47B0 /* Assets.xcassets */ = {isa = PBXFileReference; lastKnownFileType = folder.assetcatalog; path = Assets.xcassets; sourceTree = "<group>"; };
		E97D460A25EB244900AE47B0 /* Preview Assets.xcassets */ = {isa = PBXFileReference; lastKnownFileType = folder.assetcatalog; path = "Preview Assets.xcassets"; sourceTree = "<group>"; };
		E97D460C25EB244900AE47B0 /* Info.plist */ = {isa = PBXFileReference; lastKnownFileType = text.plist.xml; path = Info.plist; sourceTree = "<group>"; };
/* End PBXFileReference section */

/* Begin PBXFrameworksBuildPhase section */
		E97D45FD25EB244700AE47B0 /* Frameworks */ = {
			isa = PBXFrameworksBuildPhase;
			buildActionMask = 2147483647;
			files = (
				5559DF8AC1F7F449782D5525 /* Pods_shopaware.framework in Frameworks */,
			);
			runOnlyForDeploymentPostprocessing = 0;
		};
/* End PBXFrameworksBuildPhase section */

/* Begin PBXGroup section */
		9454A27CEEE008E036F8DDB1 /* Frameworks */ = {
			isa = PBXGroup;
			children = (
				55BB016AE16B053F22EB508C /* Pods_shopaware.framework */,
			);
			name = Frameworks;
			sourceTree = "<group>";
		};
		D3BD80D049A8BA78540CC465 /* Pods */ = {
			isa = PBXGroup;
			children = (
				65ED9E9322936BA7C69B629D /* Pods-shopaware.debug.xcconfig */,
				189A8A9175387C7CC3F585A4 /* Pods-shopaware.release.xcconfig */,
			);
			name = Pods;
			path = Pods;
			sourceTree = "<group>";
		};
		E97D45F725EB244700AE47B0 = {
			isa = PBXGroup;
			children = (
				E97D460225EB244700AE47B0 /* shopaware */,
				E97D460125EB244700AE47B0 /* Products */,
				D3BD80D049A8BA78540CC465 /* Pods */,
				9454A27CEEE008E036F8DDB1 /* Frameworks */,
			);
			sourceTree = "<group>";
		};
		E97D460125EB244700AE47B0 /* Products */ = {
			isa = PBXGroup;
			children = (
				E97D460025EB244700AE47B0 /* shopaware.app */,
			);
			name = Products;
			sourceTree = "<group>";
		};
		E97D460225EB244700AE47B0 /* shopaware */ = {
			isa = PBXGroup;
			children = (
				E97D460325EB244700AE47B0 /* shopawareApp.swift */,
				E97D460525EB244700AE47B0 /* ContentView.swift */,
				E97D460725EB244900AE47B0 /* Assets.xcassets */,
				E97D460C25EB244900AE47B0 /* Info.plist */,
				E97D460925EB244900AE47B0 /* Preview Content */,
			);
			path = shopaware;
			sourceTree = "<group>";
		};
		E97D460925EB244900AE47B0 /* Preview Content */ = {
			isa = PBXGroup;
			children = (
				E97D460A25EB244900AE47B0 /* Preview Assets.xcassets */,
			);
			path = "Preview Content";
			sourceTree = "<group>";
		};
/* End PBXGroup section */

/* Begin PBXNativeTarget section */
		E97D45FF25EB244700AE47B0 /* shopaware */ = {
			isa = PBXNativeTarget;
			buildConfigurationList = E97D460F25EB244900AE47B0 /* Build configuration list for PBXNativeTarget "shopaware" */;
			buildPhases = (
				86AA4ADAE651A575DF1411AC /* [CP] Check Pods Manifest.lock */,
				E97D45FC25EB244700AE47B0 /* Sources */,
				E97D45FD25EB244700AE47B0 /* Frameworks */,
				E97D45FE25EB244700AE47B0 /* Resources */,
				CA0C6CD0823CBC14EFAD56EE /* [CP] Embed Pods Frameworks */,
			);
			buildRules = (
			);
			dependencies = (
			);
			name = shopaware;
			productName = shopaware;
			productReference = E97D460025EB244700AE47B0 /* shopaware.app */;
			productType = "com.apple.product-type.application";
		};
/* End PBXNativeTarget section */

/* Begin PBXProject section */
		E97D45F825EB244700AE47B0 /* Project object */ = {
			isa = PBXProject;
			attributes = {
				LastSwiftUpdateCheck = 1240;
				LastUpgradeCheck = 1240;
				TargetAttributes = {
					E97D45FF25EB244700AE47B0 = {
						CreatedOnToolsVersion = 12.4;
					};
				};
			};
			buildConfigurationList = E97D45FB25EB244700AE47B0 /* Build configuration list for PBXProject "shopaware" */;
			compatibilityVersion = "Xcode 9.3";
			developmentRegion = en;
			hasScannedForEncodings = 0;
			knownRegions = (
				en,
				Base,
			);
			mainGroup = E97D45F725EB244700AE47B0;
			productRefGroup = E97D460125EB244700AE47B0 /* Products */;
			projectDirPath = "";
			projectRoot = "";
			targets = (
				E97D45FF25EB244700AE47B0 /* shopaware */,
			);
		};
/* End PBXProject section */

/* Begin PBXResourcesBuildPhase section */
		E97D45FE25EB244700AE47B0 /* Resources */ = {
			isa = PBXResourcesBuildPhase;
			buildActionMask = 2147483647;
			files = (
				E97D460B25EB244900AE47B0 /* Preview Assets.xcassets in Resources */,
				E97D460825EB244900AE47B0 /* Assets.xcassets in Resources */,
			);
			runOnlyForDeploymentPostprocessing = 0;
		};
/* End PBXResourcesBuildPhase section */

/* Begin PBXShellScriptBuildPhase section */
		86AA4ADAE651A575DF1411AC /* [CP] Check Pods Manifest.lock */ = {
			isa = PBXShellScriptBuildPhase;
			buildActionMask = 2147483647;
			files = (
			);
			inputFileListPaths = (
			);
			inputPaths = (
				"${PODS_PODFILE_DIR_PATH}/Podfile.lock",
				"${PODS_ROOT}/Manifest.lock",
			);
			name = "[CP] Check Pods Manifest.lock";
			outputFileListPaths = (
			);
			outputPaths = (
				"$(DERIVED_FILE_DIR)/Pods-shopaware-checkManifestLockResult.txt",
			);
			runOnlyForDeploymentPostprocessing = 0;
			shellPath = /bin/sh;
			shellScript = "diff \"${PODS_PODFILE_DIR_PATH}/Podfile.lock\" \"${PODS_ROOT}/Manifest.lock\" > /dev/null\nif [ $? != 0 ] ; then\n    # print error to STDERR\n    echo \"error: The sandbox is not in sync with the Podfile.lock. Run 'pod install' or update your CocoaPods installation.\" >&2\n    exit 1\nfi\n# This output is used by Xcode 'outputs' to avoid re-running this script phase.\necho \"SUCCESS\" > \"${SCRIPT_OUTPUT_FILE_0}\"\n";
			showEnvVarsInLog = 0;
		};
		CA0C6CD0823CBC14EFAD56EE /* [CP] Embed Pods Frameworks */ = {
			isa = PBXShellScriptBuildPhase;
			buildActionMask = 2147483647;
			files = (
			);
			inputFileListPaths = (
				"${PODS_ROOT}/Target Support Files/Pods-shopaware/Pods-shopaware-frameworks-${CONFIGURATION}-input-files.xcfilelist",
			);
			name = "[CP] Embed Pods Frameworks";
			outputFileListPaths = (
				"${PODS_ROOT}/Target Support Files/Pods-shopaware/Pods-shopaware-frameworks-${CONFIGURATION}-output-files.xcfilelist",
			);
			runOnlyForDeploymentPostprocessing = 0;
			shellPath = /bin/sh;
			shellScript = "\"${PODS_ROOT}/Target Support Files/Pods-shopaware/Pods-shopaware-frameworks.sh\"\n";
			showEnvVarsInLog = 0;
		};
/* End PBXShellScriptBuildPhase section */

/* Begin PBXSourcesBuildPhase section */
		E97D45FC25EB244700AE47B0 /* Sources */ = {
			isa = PBXSourcesBuildPhase;
			buildActionMask = 2147483647;
			files = (
				E97D460625EB244700AE47B0 /* ContentView.swift in Sources */,
				E97D460425EB244700AE47B0 /* shopawareApp.swift in Sources */,
			);
			runOnlyForDeploymentPostprocessing = 0;
		};
/* End PBXSourcesBuildPhase section */

/* Begin XCBuildConfiguration section */
		E97D460D25EB244900AE47B0 /* Debug */ = {
			isa = XCBuildConfiguration;
			buildSettings = {
				ALWAYS_SEARCH_USER_PATHS = NO;
				CLANG_ANALYZER_NONNULL = YES;
				CLANG_ANALYZER_NUMBER_OBJECT_CONVERSION = YES_AGGRESSIVE;
				CLANG_CXX_LANGUAGE_STANDARD = "gnu++14";
				CLANG_CXX_LIBRARY = "libc++";
				CLANG_ENABLE_MODULES = YES;
				CLANG_ENABLE_OBJC_ARC = YES;
				CLANG_ENABLE_OBJC_WEAK = YES;
				CLANG_WARN_BLOCK_CAPTURE_AUTORELEASING = YES;
				CLANG_WARN_BOOL_CONVERSION = YES;
				CLANG_WARN_COMMA = YES;
				CLANG_WARN_CONSTANT_CONVERSION = YES;
				CLANG_WARN_DEPRECATED_OBJC_IMPLEMENTATIONS = YES;
				CLANG_WARN_DIRECT_OBJC_ISA_USAGE = YES_ERROR;
				CLANG_WARN_DOCUMENTATION_COMMENTS = YES;
				CLANG_WARN_EMPTY_BODY = YES;
				CLANG_WARN_ENUM_CONVERSION = YES;
				CLANG_WARN_INFINITE_RECURSION = YES;
				CLANG_WARN_INT_CONVERSION = YES;
				CLANG_WARN_NON_LITERAL_NULL_CONVERSION = YES;
				CLANG_WARN_OBJC_IMPLICIT_RETAIN_SELF = YES;
				CLANG_WARN_OBJC_LITERAL_CONVERSION = YES;
				CLANG_WARN_OBJC_ROOT_CLASS = YES_ERROR;
				CLANG_WARN_QUOTED_INCLUDE_IN_FRAMEWORK_HEADER = YES;
				CLANG_WARN_RANGE_LOOP_ANALYSIS = YES;
				CLANG_WARN_STRICT_PROTOTYPES = YES;
				CLANG_WARN_SUSPICIOUS_MOVE = YES;
				CLANG_WARN_UNGUARDED_AVAILABILITY = YES_AGGRESSIVE;
				CLANG_WARN_UNREACHABLE_CODE = YES;
				CLANG_WARN__DUPLICATE_METHOD_MATCH = YES;
				COPY_PHASE_STRIP = NO;
				DEBUG_INFORMATION_FORMAT = dwarf;
				ENABLE_STRICT_OBJC_MSGSEND = YES;
				ENABLE_TESTABILITY = YES;
				GCC_C_LANGUAGE_STANDARD = gnu11;
				GCC_DYNAMIC_NO_PIC = NO;
				GCC_NO_COMMON_BLOCKS = YES;
				GCC_OPTIMIZATION_LEVEL = 0;
				GCC_PREPROCESSOR_DEFINITIONS = (
					"DEBUG=1",
					"$(inherited)",
				);
				GCC_WARN_64_TO_32_BIT_CONVERSION = YES;
				GCC_WARN_ABOUT_RETURN_TYPE = YES_ERROR;
				GCC_WARN_UNDECLARED_SELECTOR = YES;
				GCC_WARN_UNINITIALIZED_AUTOS = YES_AGGRESSIVE;
				GCC_WARN_UNUSED_FUNCTION = YES;
				GCC_WARN_UNUSED_VARIABLE = YES;
				IPHONEOS_DEPLOYMENT_TARGET = 14.4;
				MTL_ENABLE_DEBUG_INFO = INCLUDE_SOURCE;
				MTL_FAST_MATH = YES;
				ONLY_ACTIVE_ARCH = YES;
				SDKROOT = iphoneos;
				SWIFT_ACTIVE_COMPILATION_CONDITIONS = DEBUG;
				SWIFT_OPTIMIZATION_LEVEL = "-Onone";
			};
			name = Debug;
		};
		E97D460E25EB244900AE47B0 /* Release */ = {
			isa = XCBuildConfiguration;
			buildSettings = {
				ALWAYS_SEARCH_USER_PATHS = NO;
				CLANG_ANALYZER_NONNULL = YES;
				CLANG_ANALYZER_NUMBER_OBJECT_CONVERSION = YES_AGGRESSIVE;
				CLANG_CXX_LANGUAGE_STANDARD = "gnu++14";
				CLANG_CXX_LIBRARY = "libc++";
				CLANG_ENABLE_MODULES = YES;
				CLANG_ENABLE_OBJC_ARC = YES;
				CLANG_ENABLE_OBJC_WEAK = YES;
				CLANG_WARN_BLOCK_CAPTURE_AUTORELEASING = YES;
				CLANG_WARN_BOOL_CONVERSION = YES;
				CLANG_WARN_COMMA = YES;
				CLANG_WARN_CONSTANT_CONVERSION = YES;
				CLANG_WARN_DEPRECATED_OBJC_IMPLEMENTATIONS = YES;
				CLANG_WARN_DIRECT_OBJC_ISA_USAGE = YES_ERROR;
				CLANG_WARN_DOCUMENTATION_COMMENTS = YES;
				CLANG_WARN_EMPTY_BODY = YES;
				CLANG_WARN_ENUM_CONVERSION = YES;
				CLANG_WARN_INFINITE_RECURSION = YES;
				CLANG_WARN_INT_CONVERSION = YES;
				CLANG_WARN_NON_LITERAL_NULL_CONVERSION = YES;
				CLANG_WARN_OBJC_IMPLICIT_RETAIN_SELF = YES;
				CLANG_WARN_OBJC_LITERAL_CONVERSION = YES;
				CLANG_WARN_OBJC_ROOT_CLASS = YES_ERROR;
				CLANG_WARN_QUOTED_INCLUDE_IN_FRAMEWORK_HEADER = YES;
				CLANG_WARN_RANGE_LOOP_ANALYSIS = YES;
				CLANG_WARN_STRICT_PROTOTYPES = YES;
				CLANG_WARN_SUSPICIOUS_MOVE = YES;
				CLANG_WARN_UNGUARDED_AVAILABILITY = YES_AGGRESSIVE;
				CLANG_WARN_UNREACHABLE_CODE = YES;
				CLANG_WARN__DUPLICATE_METHOD_MATCH = YES;
				COPY_PHASE_STRIP = NO;
				DEBUG_INFORMATION_FORMAT = "dwarf-with-dsym";
				ENABLE_NS_ASSERTIONS = NO;
				ENABLE_STRICT_OBJC_MSGSEND = YES;
				GCC_C_LANGUAGE_STANDARD = gnu11;
				GCC_NO_COMMON_BLOCKS = YES;
				GCC_WARN_64_TO_32_BIT_CONVERSION = YES;
				GCC_WARN_ABOUT_RETURN_TYPE = YES_ERROR;
				GCC_WARN_UNDECLARED_SELECTOR = YES;
				GCC_WARN_UNINITIALIZED_AUTOS = YES_AGGRESSIVE;
				GCC_WARN_UNUSED_FUNCTION = YES;
				GCC_WARN_UNUSED_VARIABLE = YES;
				IPHONEOS_DEPLOYMENT_TARGET = 14.4;
				MTL_ENABLE_DEBUG_INFO = NO;
				MTL_FAST_MATH = YES;
				SDKROOT = iphoneos;
				SWIFT_COMPILATION_MODE = wholemodule;
				SWIFT_OPTIMIZATION_LEVEL = "-O";
				VALIDATE_PRODUCT = YES;
			};
			name = Release;
		};
		E97D461025EB244900AE47B0 /* Debug */ = {
			isa = XCBuildConfiguration;
			baseConfigurationReference = 65ED9E9322936BA7C69B629D /* Pods-shopaware.debug.xcconfig */;
			buildSettings = {
				ASSETCATALOG_COMPILER_APPICON_NAME = AppIcon;
				ASSETCATALOG_COMPILER_GLOBAL_ACCENT_COLOR_NAME = AccentColor;
				CODE_SIGN_STYLE = Automatic;
				DEVELOPMENT_ASSET_PATHS = "\"shopaware/Preview Content\"";
				DEVELOPMENT_TEAM = K287H78N9T;
				ENABLE_PREVIEWS = YES;
				INFOPLIST_FILE = shopaware/Info.plist;
				IPHONEOS_DEPLOYMENT_TARGET = 14.0;
				LD_RUNPATH_SEARCH_PATHS = (
					"$(inherited)",
					"@executable_path/Frameworks",
				);
				PRODUCT_BUNDLE_IDENTIFIER = "julyan-keller-baruch.shopaware";
				PRODUCT_NAME = "$(TARGET_NAME)";
				SWIFT_VERSION = 5.0;
				TARGETED_DEVICE_FAMILY = "1,2";
			};
			name = Debug;
		};
		E97D461125EB244900AE47B0 /* Release */ = {
			isa = XCBuildConfiguration;
			baseConfigurationReference = 189A8A9175387C7CC3F585A4 /* Pods-shopaware.release.xcconfig */;
			buildSettings = {
				ASSETCATALOG_COMPILER_APPICON_NAME = AppIcon;
				ASSETCATALOG_COMPILER_GLOBAL_ACCENT_COLOR_NAME = AccentColor;
				CODE_SIGN_STYLE = Automatic;
				DEVELOPMENT_ASSET_PATHS = "\"shopaware/Preview Content\"";
				DEVELOPMENT_TEAM = K287H78N9T;
				ENABLE_PREVIEWS = YES;
				INFOPLIST_FILE = shopaware/Info.plist;
				IPHONEOS_DEPLOYMENT_TARGET = 14.0;
				LD_RUNPATH_SEARCH_PATHS = (
					"$(inherited)",
					"@executable_path/Frameworks",
				);
				PRODUCT_BUNDLE_IDENTIFIER = "julyan-keller-baruch.shopaware";
				PRODUCT_NAME = "$(TARGET_NAME)";
				SWIFT_VERSION = 5.0;
				TARGETED_DEVICE_FAMILY = "1,2";
			};
			name = Release;
		};
/* End XCBuildConfiguration section */

/* Begin XCConfigurationList section */
		E97D45FB25EB244700AE47B0 /* Build configuration list for PBXProject "shopaware" */ = {
			isa = XCConfigurationList;
			buildConfigurations = (
				E97D460D25EB244900AE47B0 /* Debug */,
				E97D460E25EB244900AE47B0 /* Release */,
			);
			defaultConfigurationIsVisible = 0;
			defaultConfigurationName = Release;
		};
		E97D460F25EB244900AE47B0 /* Build configuration list for PBXNativeTarget "shopaware" */ = {
			isa = XCConfigurationList;
			buildConfigurations = (
				E97D461025EB244900AE47B0 /* Debug */,
				E97D461125EB244900AE47B0 /* Release */,
			);
			defaultConfigurationIsVisible = 0;
			defaultConfigurationName = Release;
		};
/* End XCConfigurationList section */
	};
	rootObject = E97D45F825EB244700AE47B0 /* Project object */;
}
